
Microsoft Visual Studio Solution File, Format Version 12.00
# Visual Studio Version 17
VisualStudioVersion = 17.14.36401.2 d17.14
MinimumVisualStudioVersion = 10.0.40219.1
Project("{FAE04EC0-301F-11D3-BF4B-00C04F79EFBC}") = "DemoLab", "DemoLab\DemoLab.csproj", "{ABDD4A57-EEA3-49BA-93CE-8A0884E12A2C}"
EndProject
Global
	GlobalSection(SolutionConfigurationPlatforms) = preSolution
		Debug|Any CPU = Debug|Any CPU
		Release|Any CPU = Release|Any CPU
	EndGlobalSection
	GlobalSection(ProjectConfigurationPlatforms) = postSolution
		{ABDD4A57-EEA3-49BA-93CE-8A0884E12A2C}.Debug|Any CPU.ActiveCfg = Debug|Any CPU
		{ABDD4A57-EEA3-49BA-93CE-8A0884E12A2C}.Debug|Any CPU.Build.0 = Debug|Any CPU
		{ABDD4A57-EEA3-49BA-93CE-8A0884E12A2C}.Release|Any CPU.ActiveCfg = Release|Any CPU
		{ABDD4A57-EEA3-49BA-93CE-8A0884E12A2C}.Release|Any CPU.Build.0 = Release|Any CPU
	EndGlobalSection
	GlobalSection(SolutionProperties) = preSolution
		HideSolutionNode = FALSE
	EndGlobalSection
	GlobalSection(ExtensibilityGlobals) = postSolution
		SolutionGuid = {6875B1F3-1A2D-4C7D-B83D-04D17FCC0EEA}
	EndGlobalSection
EndGlobal
