
Microsoft Visual Studio Solution File, Format Version 12.00
# Visual Studio Version 17
VisualStudioVersion = 17.14.36603.0 d17.14
MinimumVisualStudioVersion = 10.0.40219.1
Project("{FAE04EC0-301F-11D3-BF4B-00C04F79EFBC}") = "Bài_TH_01", "Bài_TH_01.csproj", "{E063E5B7-6237-463F-B07A-7BD22A6F95D1}"
EndProject
Global
	GlobalSection(SolutionConfigurationPlatforms) = preSolution
		Debug|Any CPU = Debug|Any CPU
		Release|Any CPU = Release|Any CPU
	EndGlobalSection
	GlobalSection(ProjectConfigurationPlatforms) = postSolution
		{E063E5B7-6237-463F-B07A-7BD22A6F95D1}.Debug|Any CPU.ActiveCfg = Debug|Any CPU
		{E063E5B7-6237-463F-B07A-7BD22A6F95D1}.Debug|Any CPU.Build.0 = Debug|Any CPU
		{E063E5B7-6237-463F-B07A-7BD22A6F95D1}.Release|Any CPU.ActiveCfg = Release|Any CPU
		{E063E5B7-6237-463F-B07A-7BD22A6F95D1}.Release|Any CPU.Build.0 = Release|Any CPU
	EndGlobalSection
	GlobalSection(SolutionProperties) = preSolution
		HideSolutionNode = FALSE
	EndGlobalSection
	GlobalSection(ExtensibilityGlobals) = postSolution
		SolutionGuid = {14308A43-6AFD-41E0-9A7F-77385C818ADD}
	EndGlobalSection
EndGlobal
