
Microsoft Visual Studio Solution File, Format Version 12.00
# Visual Studio Version 17
VisualStudioVersion = 17.14.36401.2 d17.14
MinimumVisualStudioVersion = 10.0.40219.1
Project("{FAE04EC0-301F-11D3-BF4B-00C04F79EFBC}") = "baitap1", "baitap1\baitap1.csproj", "{9F41E850-8FE7-4D9F-BFD9-BDC4ACC7D25D}"
EndProject
Global
	GlobalSection(SolutionConfigurationPlatforms) = preSolution
		Debug|Any CPU = Debug|Any CPU
		Release|Any CPU = Release|Any CPU
	EndGlobalSection
	GlobalSection(ProjectConfigurationPlatforms) = postSolution
		{9F41E850-8FE7-4D9F-BFD9-BDC4ACC7D25D}.Debug|Any CPU.ActiveCfg = Debug|Any CPU
		{9F41E850-8FE7-4D9F-BFD9-BDC4ACC7D25D}.Debug|Any CPU.Build.0 = Debug|Any CPU
		{9F41E850-8FE7-4D9F-BFD9-BDC4ACC7D25D}.Release|Any CPU.ActiveCfg = Release|Any CPU
		{9F41E850-8FE7-4D9F-BFD9-BDC4ACC7D25D}.Release|Any CPU.Build.0 = Release|Any CPU
	EndGlobalSection
	GlobalSection(SolutionProperties) = preSolution
		HideSolutionNode = FALSE
	EndGlobalSection
	GlobalSection(ExtensibilityGlobals) = postSolution
		SolutionGuid = {0748B322-2B61-42BF-BF09-892A0B9AD458}
	EndGlobalSection
EndGlobal
