
Microsoft Visual Studio Solution File, Format Version 12.00
# Visual Studio Version 17
VisualStudioVersion = 17.14.36408.4 d17.14
MinimumVisualStudioVersion = 10.0.40219.1
Project("{FAE04EC0-301F-11D3-BF4B-00C04F79EFBC}") = "Day09_DatabaseFirst_ShoppingCart", "Day09_DatabaseFirst_ShoppingCart\Day09_DatabaseFirst_ShoppingCart.csproj", "{81AE6A8B-C90F-44F9-955C-1E9729AD9EAA}"
EndProject
Global
	GlobalSection(SolutionConfigurationPlatforms) = preSolution
		Debug|Any CPU = Debug|Any CPU
		Release|Any CPU = Release|Any CPU
	EndGlobalSection
	GlobalSection(ProjectConfigurationPlatforms) = postSolution
		{81AE6A8B-C90F-44F9-955C-1E9729AD9EAA}.Debug|Any CPU.ActiveCfg = Debug|Any CPU
		{81AE6A8B-C90F-44F9-955C-1E9729AD9EAA}.Debug|Any CPU.Build.0 = Debug|Any CPU
		{81AE6A8B-C90F-44F9-955C-1E9729AD9EAA}.Release|Any CPU.ActiveCfg = Release|Any CPU
		{81AE6A8B-C90F-44F9-955C-1E9729AD9EAA}.Release|Any CPU.Build.0 = Release|Any CPU
	EndGlobalSection
	GlobalSection(SolutionProperties) = preSolution
		HideSolutionNode = FALSE
	EndGlobalSection
	GlobalSection(ExtensibilityGlobals) = postSolution
		SolutionGuid = {6D4CCD3D-18EE-4A73-B0BC-DA9D996E95EA}
	EndGlobalSection
EndGlobal
